// !$*UTF8*$!
{
	archiveVersion = 1;
	classes = {
	};
	objectVersion = 50;
	objects = {

/* Begin PBXBuildFile section */
		3D0F766626B19DA300B3232C /* AppDelegate.swift in Sources */ = {isa = PBXBuildFile; fileRef = 3D0F766526B19DA300B3232C /* AppDelegate.swift */; };
		3D0F766826B19DA300B3232C /* SceneDelegate.swift in Sources */ = {isa = PBXBuildFile; fileRef = 3D0F766726B19DA300B3232C /* SceneDelegate.swift */; };
		3D0F766A26B19DA300B3232C /* ViewController.swift in Sources */ = {isa = PBXBuildFile; fileRef = 3D0F766926B19DA300B3232C /* ViewController.swift */; };
		3D0F766D26B19DA300B3232C /* Main.storyboard in Resources */ = {isa = PBXBuildFile; fileRef = 3D0F766B26B19DA300B3232C /* Main.storyboard */; };
		3D0F767026B19DA300B3232C /* StoryBoardIntro.xcdatamodeld in Sources */ = {isa = PBXBuildFile; fileRef = 3D0F766E26B19DA300B3232C /* StoryBoardIntro.xcdatamodeld */; };
		3D0F767226B19DA500B3232C /* Assets.xcassets in Resources */ = {isa = PBXBuildFile; fileRef = 3D0F767126B19DA500B3232C /* Assets.xcassets */; };
		3D0F767526B19DA500B3232C /* LaunchScreen.storyboard in Resources */ = {isa = PBXBuildFile; fileRef = 3D0F767326B19DA500B3232C /* LaunchScreen.storyboard */; };
		3D0F768026B19DA500B3232C /* StoryBoardIntroTests.swift in Sources */ = {isa = PBXBuildFile; fileRef = 3D0F767F26B19DA500B3232C /* StoryBoardIntroTests.swift */; };
		3D0F768B26B19DA500B3232C /* StoryBoardIntroUITests.swift in Sources */ = {isa = PBXBuildFile; fileRef = 3D0F768A26B19DA500B3232C /* StoryBoardIntroUITests.swift */; };
/* End PBXBuildFile section */

/* Begin PBXContainerItemProxy section */
		3D0F767C26B19DA500B3232C /* PBXContainerItemProxy */ = {
			isa = PBXContainerItemProxy;
			containerPortal = 3D0F765A26B19DA300B3232C /* Project object */;
			proxyType = 1;
			remoteGlobalIDString = 3D0F766126B19DA300B3232C;
			remoteInfo = StoryBoardIntro;
		};
		3D0F768726B19DA500B3232C /* PBXContainerItemProxy */ = {
			isa = PBXContainerItemProxy;
			containerPortal = 3D0F765A26B19DA300B3232C /* Project object */;
			proxyType = 1;
			remoteGlobalIDString = 3D0F766126B19DA300B3232C;
			remoteInfo = StoryBoardIntro;
		};
/* End PBXContainerItemProxy section */

/* Begin PBXFileReference section */
		3D0F766226B19DA300B3232C /* StoryBoardIntro.app */ = {isa = PBXFileReference; explicitFileType = wrapper.application; includeInIndex = 0; path = StoryBoardIntro.app; sourceTree = BUILT_PRODUCTS_DIR; };
		3D0F766526B19DA300B3232C /* AppDelegate.swift */ = {isa = PBXFileReference; lastKnownFileType = sourcecode.swift; path = AppDelegate.swift; sourceTree = "<group>"; };
		3D0F766726B19DA300B3232C /* SceneDelegate.swift */ = {isa = PBXFileReference; lastKnownFileType = sourcecode.swift; path = SceneDelegate.swift; sourceTree = "<group>"; };
		3D0F766926B19DA300B3232C /* ViewController.swift */ = {isa = PBXFileReference; lastKnownFileType = sourcecode.swift; path = ViewController.swift; sourceTree = "<group>"; };
		3D0F766C26B19DA300B3232C /* Base */ = {isa = PBXFileReference; lastKnownFileType = file.storyboard; name = Base; path = Base.lproj/Main.storyboard; sourceTree = "<group>"; };
		3D0F766F26B19DA300B3232C /* StoryBoardIntro.xcdatamodel */ = {isa = PBXFileReference; lastKnownFileType = wrapper.xcdatamodel; path = StoryBoardIntro.xcdatamodel; sourceTree = "<group>"; };
		3D0F767126B19DA500B3232C /* Assets.xcassets */ = {isa = PBXFileReference; lastKnownFileType = folder.assetcatalog; path = Assets.xcassets; sourceTree = "<group>"; };
		3D0F767426B19DA500B3232C /* Base */ = {isa = PBXFileReference; lastKnownFileType = file.storyboard; name = Base; path = Base.lproj/LaunchScreen.storyboard; sourceTree = "<group>"; };
		3D0F767626B19DA500B3232C /* Info.plist */ = {isa = PBXFileReference; lastKnownFileType = text.plist.xml; path = Info.plist; sourceTree = "<group>"; };
		3D0F767B26B19DA500B3232C /* StoryBoardIntroTests.xctest */ = {isa = PBXFileReference; explicitFileType = wrapper.cfbundle; includeInIndex = 0; path = StoryBoardIntroTests.xctest; sourceTree = BUILT_PRODUCTS_DIR; };
		3D0F767F26B19DA500B3232C /* StoryBoardIntroTests.swift */ = {isa = PBXFileReference; lastKnownFileType = sourcecode.swift; path = StoryBoardIntroTests.swift; sourceTree = "<group>"; };
		3D0F768126B19DA500B3232C /* Info.plist */ = {isa = PBXFileReference; lastKnownFileType = text.plist.xml; path = Info.plist; sourceTree = "<group>"; };
		3D0F768626B19DA500B3232C /* StoryBoardIntroUITests.xctest */ = {isa = PBXFileReference; explicitFileType = wrapper.cfbundle; includeInIndex = 0; path = StoryBoardIntroUITests.xctest; sourceTree = BUILT_PRODUCTS_DIR; };
		3D0F768A26B19DA500B3232C /* StoryBoardIntroUITests.swift */ = {isa = PBXFileReference; lastKnownFileType = sourcecode.swift; path = StoryBoardIntroUITests.swift; sourceTree = "<group>"; };
		3D0F768C26B19DA500B3232C /* Info.plist */ = {isa = PBXFileReference; lastKnownFileType = text.plist.xml; path = Info.plist; sourceTree = "<group>"; };
/* End PBXFileReference section */

/* Begin PBXFrameworksBuildPhase section */
		3D0F765F26B19DA300B3232C /* Frameworks */ = {
			isa = PBXFrameworksBuildPhase;
			buildActionMask = 2147483647;
			files = (
			);
			runOnlyForDeploymentPostprocessing = 0;
		};
		3D0F767826B19DA500B3232C /* Frameworks */ = {
			isa = PBXFrameworksBuildPhase;
			buildActionMask = 2147483647;
			files = (
			);
			runOnlyForDeploymentPostprocessing = 0;
		};
		3D0F768326B19DA500B3232C /* Frameworks */ = {
			isa = PBXFrameworksBuildPhase;
			buildActionMask = 2147483647;
			files = (
			);
			runOnlyForDeploymentPostprocessing = 0;
		};
/* End PBXFrameworksBuildPhase section */

/* Begin PBXGroup section */
		3D0F765926B19DA300B3232C = {
			isa = PBXGroup;
			children = (
				3D0F766426B19DA300B3232C /* StoryBoardIntro */,
				3D0F767E26B19DA500B3232C /* StoryBoardIntroTests */,
				3D0F768926B19DA500B3232C /* StoryBoardIntroUITests */,
				3D0F766326B19DA300B3232C /* Products */,
			);
			sourceTree = "<group>";
		};
		3D0F766326B19DA300B3232C /* Products */ = {
			isa = PBXGroup;
			children = (
				3D0F766226B19DA300B3232C /* StoryBoardIntro.app */,
				3D0F767B26B19DA500B3232C /* StoryBoardIntroTests.xctest */,
				3D0F768626B19DA500B3232C /* StoryBoardIntroUITests.xctest */,
			);
			name = Products;
			sourceTree = "<group>";
		};
		3D0F766426B19DA300B3232C /* StoryBoardIntro */ = {
			isa = PBXGroup;
			children = (
				3D0F766526B19DA300B3232C /* AppDelegate.swift */,
				3D0F766726B19DA300B3232C /* SceneDelegate.swift */,
				3D0F766926B19DA300B3232C /* ViewController.swift */,
				3D0F766B26B19DA300B3232C /* Main.storyboard */,
				3D0F767126B19DA500B3232C /* Assets.xcassets */,
				3D0F767326B19DA500B3232C /* LaunchScreen.storyboard */,
				3D0F767626B19DA500B3232C /* Info.plist */,
				3D0F766E26B19DA300B3232C /* StoryBoardIntro.xcdatamodeld */,
			);
			path = StoryBoardIntro;
			sourceTree = "<group>";
		};
		3D0F767E26B19DA500B3232C /* StoryBoardIntroTests */ = {
			isa = PBXGroup;
			children = (
				3D0F767F26B19DA500B3232C /* StoryBoardIntroTests.swift */,
				3D0F768126B19DA500B3232C /* Info.plist */,
			);
			path = StoryBoardIntroTests;
			sourceTree = "<group>";
		};
		3D0F768926B19DA500B3232C /* StoryBoardIntroUITests */ = {
			isa = PBXGroup;
			children = (
				3D0F768A26B19DA500B3232C /* StoryBoardIntroUITests.swift */,
				3D0F768C26B19DA500B3232C /* Info.plist */,
			);
			path = StoryBoardIntroUITests;
			sourceTree = "<group>";
		};
/* End PBXGroup section */

/* Begin PBXNativeTarget section */
		3D0F766126B19DA300B3232C /* StoryBoardIntro */ = {
			isa = PBXNativeTarget;
			buildConfigurationList = 3D0F768F26B19DA500B3232C /* Build configuration list for PBXNativeTarget "StoryBoardIntro" */;
			buildPhases = (
				3D0F765E26B19DA300B3232C /* Sources */,
				3D0F765F26B19DA300B3232C /* Frameworks */,
				3D0F766026B19DA300B3232C /* Resources */,
			);
			buildRules = (
			);
			dependencies = (
			);
			name = StoryBoardIntro;
			productName = StoryBoardIntro;
			productReference = 3D0F766226B19DA300B3232C /* StoryBoardIntro.app */;
			productType = "com.apple.product-type.application";
		};
		3D0F767A26B19DA500B3232C /* StoryBoardIntroTests */ = {
			isa = PBXNativeTarget;
			buildConfigurationList = 3D0F769226B19DA500B3232C /* Build configuration list for PBXNativeTarget "StoryBoardIntroTests" */;
			buildPhases = (
				3D0F767726B19DA500B3232C /* Sources */,
				3D0F767826B19DA500B3232C /* Frameworks */,
				3D0F767926B19DA500B3232C /* Resources */,
			);
			buildRules = (
			);
			dependencies = (
				3D0F767D26B19DA500B3232C /* PBXTargetDependency */,
			);
			name = StoryBoardIntroTests;
			productName = StoryBoardIntroTests;
			productReference = 3D0F767B26B19DA500B3232C /* StoryBoardIntroTests.xctest */;
			productType = "com.apple.product-type.bundle.unit-test";
		};
		3D0F768526B19DA500B3232C /* StoryBoardIntroUITests */ = {
			isa = PBXNativeTarget;
			buildConfigurationList = 3D0F769526B19DA500B3232C /* Build configuration list for PBXNativeTarget "StoryBoardIntroUITests" */;
			buildPhases = (
				3D0F768226B19DA500B3232C /* Sources */,
				3D0F768326B19DA500B3232C /* Frameworks */,
				3D0F768426B19DA500B3232C /* Resources */,
			);
			buildRules = (
			);
			dependencies = (
				3D0F768826B19DA500B3232C /* PBXTargetDependency */,
			);
			name = StoryBoardIntroUITests;
			productName = StoryBoardIntroUITests;
			productReference = 3D0F768626B19DA500B3232C /* StoryBoardIntroUITests.xctest */;
			productType = "com.apple.product-type.bundle.ui-testing";
		};
/* End PBXNativeTarget section */

/* Begin PBXProject section */
		3D0F765A26B19DA300B3232C /* Project object */ = {
			isa = PBXProject;
			attributes = {
				LastSwiftUpdateCheck = 1250;
				LastUpgradeCheck = 1250;
				TargetAttributes = {
					3D0F766126B19DA300B3232C = {
						CreatedOnToolsVersion = 12.5.1;
					};
					3D0F767A26B19DA500B3232C = {
						CreatedOnToolsVersion = 12.5.1;
						TestTargetID = 3D0F766126B19DA300B3232C;
					};
					3D0F768526B19DA500B3232C = {
						CreatedOnToolsVersion = 12.5.1;
						TestTargetID = 3D0F766126B19DA300B3232C;
					};
				};
			};
			buildConfigurationList = 3D0F765D26B19DA300B3232C /* Build configuration list for PBXProject "StoryBoardIntro" */;
			compatibilityVersion = "Xcode 9.3";
			developmentRegion = en;
			hasScannedForEncodings = 0;
			knownRegions = (
				en,
				Base,
			);
			mainGroup = 3D0F765926B19DA300B3232C;
			productRefGroup = 3D0F766326B19DA300B3232C /* Products */;
			projectDirPath = "";
			projectRoot = "";
			targets = (
				3D0F766126B19DA300B3232C /* StoryBoardIntro */,
				3D0F767A26B19DA500B3232C /* StoryBoardIntroTests */,
				3D0F768526B19DA500B3232C /* StoryBoardIntroUITests */,
			);
		};
/* End PBXProject section */

/* Begin PBXResourcesBuildPhase section */
		3D0F766026B19DA300B3232C /* Resources */ = {
			isa = PBXResourcesBuildPhase;
			buildActionMask = 2147483647;
			files = (
				3D0F767526B19DA500B3232C /* LaunchScreen.storyboard in Resources */,
				3D0F767226B19DA500B3232C /* Assets.xcassets in Resources */,
				3D0F766D26B19DA300B3232C /* Main.storyboard in Resources */,
			);
			runOnlyForDeploymentPostprocessing = 0;
		};
		3D0F767926B19DA500B3232C /* Resources */ = {
			isa = PBXResourcesBuildPhase;
			buildActionMask = 2147483647;
			files = (
			);
			runOnlyForDeploymentPostprocessing = 0;
		};
		3D0F768426B19DA500B3232C /* Resources */ = {
			isa = PBXResourcesBuildPhase;
			buildActionMask = 2147483647;
			files = (
			);
			runOnlyForDeploymentPostprocessing = 0;
		};
/* End PBXResourcesBuildPhase section */

/* Begin PBXSourcesBuildPhase section */
		3D0F765E26B19DA300B3232C /* Sources */ = {
			isa = PBXSourcesBuildPhase;
			buildActionMask = 2147483647;
			files = (
				3D0F766A26B19DA300B3232C /* ViewController.swift in Sources */,
				3D0F767026B19DA300B3232C /* StoryBoardIntro.xcdatamodeld in Sources */,
				3D0F766626B19DA300B3232C /* AppDelegate.swift in Sources */,
				3D0F766826B19DA300B3232C /* SceneDelegate.swift in Sources */,
			);
			runOnlyForDeploymentPostprocessing = 0;
		};
		3D0F767726B19DA500B3232C /* Sources */ = {
			isa = PBXSourcesBuildPhase;
			buildActionMask = 2147483647;
			files = (
				3D0F768026B19DA500B3232C /* StoryBoardIntroTests.swift in Sources */,
			);
			runOnlyForDeploymentPostprocessing = 0;
		};
		3D0F768226B19DA500B3232C /* Sources */ = {
			isa = PBXSourcesBuildPhase;
			buildActionMask = 2147483647;
			files = (
				3D0F768B26B19DA500B3232C /* StoryBoardIntroUITests.swift in Sources */,
			);
			runOnlyForDeploymentPostprocessing = 0;
		};
/* End PBXSourcesBuildPhase section */

/* Begin PBXTargetDependency section */
		3D0F767D26B19DA500B3232C /* PBXTargetDependency */ = {
			isa = PBXTargetDependency;
			target = 3D0F766126B19DA300B3232C /* StoryBoardIntro */;
			targetProxy = 3D0F767C26B19DA500B3232C /* PBXContainerItemProxy */;
		};
		3D0F768826B19DA500B3232C /* PBXTargetDependency */ = {
			isa = PBXTargetDependency;
			target = 3D0F766126B19DA300B3232C /* StoryBoardIntro */;
			targetProxy = 3D0F768726B19DA500B3232C /* PBXContainerItemProxy */;
		};
/* End PBXTargetDependency section */

/* Begin PBXVariantGroup section */
		3D0F766B26B19DA300B3232C /* Main.storyboard */ = {
			isa = PBXVariantGroup;
			children = (
				3D0F766C26B19DA300B3232C /* Base */,
			);
			name = Main.storyboard;
			sourceTree = "<group>";
		};
		3D0F767326B19DA500B3232C /* LaunchScreen.storyboard */ = {
			isa = PBXVariantGroup;
			children = (
				3D0F767426B19DA500B3232C /* Base */,
			);
			name = LaunchScreen.storyboard;
			sourceTree = "<group>";
		};
/* End PBXVariantGroup section */

/* Begin XCBuildConfiguration section */
		3D0F768D26B19DA500B3232C /* Debug */ = {
			isa = XCBuildConfiguration;
			buildSettings = {
				ALWAYS_SEARCH_USER_PATHS = NO;
				CLANG_ANALYZER_NONNULL = YES;
				CLANG_ANALYZER_NUMBER_OBJECT_CONVERSION = YES_AGGRESSIVE;
				CLANG_CXX_LANGUAGE_STANDARD = "gnu++14";
				CLANG_CXX_LIBRARY = "libc++";
				CLANG_ENABLE_MODULES = YES;
				CLANG_ENABLE_OBJC_ARC = YES;
				CLANG_ENABLE_OBJC_WEAK = YES;
				CLANG_WARN_BLOCK_CAPTURE_AUTORELEASING = YES;
				CLANG_WARN_BOOL_CONVERSION = YES;
				CLANG_WARN_COMMA = YES;
				CLANG_WARN_CONSTANT_CONVERSION = YES;
				CLANG_WARN_DEPRECATED_OBJC_IMPLEMENTATIONS = YES;
				CLANG_WARN_DIRECT_OBJC_ISA_USAGE = YES_ERROR;
				CLANG_WARN_DOCUMENTATION_COMMENTS = YES;
				CLANG_WARN_EMPTY_BODY = YES;
				CLANG_WARN_ENUM_CONVERSION = YES;
				CLANG_WARN_INFINITE_RECURSION = YES;
				CLANG_WARN_INT_CONVERSION = YES;
				CLANG_WARN_NON_LITERAL_NULL_CONVERSION = YES;
				CLANG_WARN_OBJC_IMPLICIT_RETAIN_SELF = YES;
				CLANG_WARN_OBJC_LITERAL_CONVERSION = YES;
				CLANG_WARN_OBJC_ROOT_CLASS = YES_ERROR;
				CLANG_WARN_QUOTED_INCLUDE_IN_FRAMEWORK_HEADER = YES;
				CLANG_WARN_RANGE_LOOP_ANALYSIS = YES;
				CLANG_WARN_STRICT_PROTOTYPES = YES;
				CLANG_WARN_SUSPICIOUS_MOVE = YES;
				CLANG_WARN_UNGUARDED_AVAILABILITY = YES_AGGRESSIVE;
				CLANG_WARN_UNREACHABLE_CODE = YES;
				CLANG_WARN__DUPLICATE_METHOD_MATCH = YES;
				COPY_PHASE_STRIP = NO;
				DEBUG_INFORMATION_FORMAT = dwarf;
				ENABLE_STRICT_OBJC_MSGSEND = YES;
				ENABLE_TESTABILITY = YES;
				GCC_C_LANGUAGE_STANDARD = gnu11;
				GCC_DYNAMIC_NO_PIC = NO;
				GCC_NO_COMMON_BLOCKS = YES;
				GCC_OPTIMIZATION_LEVEL = 0;
				GCC_PREPROCESSOR_DEFINITIONS = (
					"DEBUG=1",
					"$(inherited)",
				);
				GCC_WARN_64_TO_32_BIT_CONVERSION = YES;
				GCC_WARN_ABOUT_RETURN_TYPE = YES_ERROR;
				GCC_WARN_UNDECLARED_SELECTOR = YES;
				GCC_WARN_UNINITIALIZED_AUTOS = YES_AGGRESSIVE;
				GCC_WARN_UNUSED_FUNCTION = YES;
				GCC_WARN_UNUSED_VARIABLE = YES;
				IPHONEOS_DEPLOYMENT_TARGET = 14.5;
				MTL_ENABLE_DEBUG_INFO = INCLUDE_SOURCE;
				MTL_FAST_MATH = YES;
				ONLY_ACTIVE_ARCH = YES;
				SDKROOT = iphoneos;
				SWIFT_ACTIVE_COMPILATION_CONDITIONS = DEBUG;
				SWIFT_OPTIMIZATION_LEVEL = "-Onone";
			};
			name = Debug;
		};
		3D0F768E26B19DA500B3232C /* Release */ = {
			isa = XCBuildConfiguration;
			buildSettings = {
				ALWAYS_SEARCH_USER_PATHS = NO;
				CLANG_ANALYZER_NONNULL = YES;
				CLANG_ANALYZER_NUMBER_OBJECT_CONVERSION = YES_AGGRESSIVE;
				CLANG_CXX_LANGUAGE_STANDARD = "gnu++14";
				CLANG_CXX_LIBRARY = "libc++";
				CLANG_ENABLE_MODULES = YES;
				CLANG_ENABLE_OBJC_ARC = YES;
				CLANG_ENABLE_OBJC_WEAK = YES;
				CLANG_WARN_BLOCK_CAPTURE_AUTORELEASING = YES;
				CLANG_WARN_BOOL_CONVERSION = YES;
				CLANG_WARN_COMMA = YES;
				CLANG_WARN_CONSTANT_CONVERSION = YES;
				CLANG_WARN_DEPRECATED_OBJC_IMPLEMENTATIONS = YES;
				CLANG_WARN_DIRECT_OBJC_ISA_USAGE = YES_ERROR;
				CLANG_WARN_DOCUMENTATION_COMMENTS = YES;
				CLANG_WARN_EMPTY_BODY = YES;
				CLANG_WARN_ENUM_CONVERSION = YES;
				CLANG_WARN_INFINITE_RECURSION = YES;
				CLANG_WARN_INT_CONVERSION = YES;
				CLANG_WARN_NON_LITERAL_NULL_CONVERSION = YES;
				CLANG_WARN_OBJC_IMPLICIT_RETAIN_SELF = YES;
				CLANG_WARN_OBJC_LITERAL_CONVERSION = YES;
				CLANG_WARN_OBJC_ROOT_CLASS = YES_ERROR;
				CLANG_WARN_QUOTED_INCLUDE_IN_FRAMEWORK_HEADER = YES;
				CLANG_WARN_RANGE_LOOP_ANALYSIS = YES;
				CLANG_WARN_STRICT_PROTOTYPES = YES;
				CLANG_WARN_SUSPICIOUS_MOVE = YES;
				CLANG_WARN_UNGUARDED_AVAILABILITY = YES_AGGRESSIVE;
				CLANG_WARN_UNREACHABLE_CODE = YES;
				CLANG_WARN__DUPLICATE_METHOD_MATCH = YES;
				COPY_PHASE_STRIP = NO;
				DEBUG_INFORMATION_FORMAT = "dwarf-with-dsym";
				ENABLE_NS_ASSERTIONS = NO;
				ENABLE_STRICT_OBJC_MSGSEND = YES;
				GCC_C_LANGUAGE_STANDARD = gnu11;
				GCC_NO_COMMON_BLOCKS = YES;
				GCC_WARN_64_TO_32_BIT_CONVERSION = YES;
				GCC_WARN_ABOUT_RETURN_TYPE = YES_ERROR;
				GCC_WARN_UNDECLARED_SELECTOR = YES;
				GCC_WARN_UNINITIALIZED_AUTOS = YES_AGGRESSIVE;
				GCC_WARN_UNUSED_FUNCTION = YES;
				GCC_WARN_UNUSED_VARIABLE = YES;
				IPHONEOS_DEPLOYMENT_TARGET = 14.5;
				MTL_ENABLE_DEBUG_INFO = NO;
				MTL_FAST_MATH = YES;
				SDKROOT = iphoneos;
				SWIFT_COMPILATION_MODE = wholemodule;
				SWIFT_OPTIMIZATION_LEVEL = "-O";
				VALIDATE_PRODUCT = YES;
			};
			name = Release;
		};
		3D0F769026B19DA500B3232C /* Debug */ = {
			isa = XCBuildConfiguration;
			buildSettings = {
				ASSETCATALOG_COMPILER_APPICON_NAME = AppIcon;
				ASSETCATALOG_COMPILER_GLOBAL_ACCENT_COLOR_NAME = AccentColor;
				CODE_SIGN_STYLE = Automatic;
				INFOPLIST_FILE = StoryBoardIntro/Info.plist;
				LD_RUNPATH_SEARCH_PATHS = (
					"$(inherited)",
					"@executable_path/Frameworks",
				);
				PRODUCT_BUNDLE_IDENTIFIER = KWK.StoryBoardIntro;
				PRODUCT_NAME = "$(TARGET_NAME)";
				SWIFT_VERSION = 5.0;
				TARGETED_DEVICE_FAMILY = "1,2";
			};
			name = Debug;
		};
		3D0F769126B19DA500B3232C /* Release */ = {
			isa = XCBuildConfiguration;
			buildSettings = {
				ASSETCATALOG_COMPILER_APPICON_NAME = AppIcon;
				ASSETCATALOG_COMPILER_GLOBAL_ACCENT_COLOR_NAME = AccentColor;
				CODE_SIGN_STYLE = Automatic;
				INFOPLIST_FILE = StoryBoardIntro/Info.plist;
				LD_RUNPATH_SEARCH_PATHS = (
					"$(inherited)",
					"@executable_path/Frameworks",
				);
				PRODUCT_BUNDLE_IDENTIFIER = KWK.StoryBoardIntro;
				PRODUCT_NAME = "$(TARGET_NAME)";
				SWIFT_VERSION = 5.0;
				TARGETED_DEVICE_FAMILY = "1,2";
			};
			name = Release;
		};
		3D0F769326B19DA500B3232C /* Debug */ = {
			isa = XCBuildConfiguration;
			buildSettings = {
				ALWAYS_EMBED_SWIFT_STANDARD_LIBRARIES = YES;
				BUNDLE_LOADER = "$(TEST_HOST)";
				CODE_SIGN_STYLE = Automatic;
				INFOPLIST_FILE = StoryBoardIntroTests/Info.plist;
				IPHONEOS_DEPLOYMENT_TARGET = 14.5;
				LD_RUNPATH_SEARCH_PATHS = (
					"$(inherited)",
					"@executable_path/Frameworks",
					"@loader_path/Frameworks",
				);
				PRODUCT_BUNDLE_IDENTIFIER = KWK.StoryBoardIntroTests;
				PRODUCT_NAME = "$(TARGET_NAME)";
				SWIFT_VERSION = 5.0;
				TARGETED_DEVICE_FAMILY = "1,2";
				TEST_HOST = "$(BUILT_PRODUCTS_DIR)/StoryBoardIntro.app/StoryBoardIntro";
			};
			name = Debug;
		};
		3D0F769426B19DA500B3232C /* Release */ = {
			isa = XCBuildConfiguration;
			buildSettings = {
				ALWAYS_EMBED_SWIFT_STANDARD_LIBRARIES = YES;
				BUNDLE_LOADER = "$(TEST_HOST)";
				CODE_SIGN_STYLE = Automatic;
				INFOPLIST_FILE = StoryBoardIntroTests/Info.plist;
				IPHONEOS_DEPLOYMENT_TARGET = 14.5;
				LD_RUNPATH_SEARCH_PATHS = (
					"$(inherited)",
					"@executable_path/Frameworks",
					"@loader_path/Frameworks",
				);
				PRODUCT_BUNDLE_IDENTIFIER = KWK.StoryBoardIntroTests;
				PRODUCT_NAME = "$(TARGET_NAME)";
				SWIFT_VERSION = 5.0;
				TARGETED_DEVICE_FAMILY = "1,2";
				TEST_HOST = "$(BUILT_PRODUCTS_DIR)/StoryBoardIntro.app/StoryBoardIntro";
			};
			name = Release;
		};
		3D0F769626B19DA500B3232C /* Debug */ = {
			isa = XCBuildConfiguration;
			buildSettings = {
				ALWAYS_EMBED_SWIFT_STANDARD_LIBRARIES = YES;
				CODE_SIGN_STYLE = Automatic;
				INFOPLIST_FILE = StoryBoardIntroUITests/Info.plist;
				LD_RUNPATH_SEARCH_PATHS = (
					"$(inherited)",
					"@executable_path/Frameworks",
					"@loader_path/Frameworks",
				);
				PRODUCT_BUNDLE_IDENTIFIER = KWK.StoryBoardIntroUITests;
				PRODUCT_NAME = "$(TARGET_NAME)";
				SWIFT_VERSION = 5.0;
				TARGETED_DEVICE_FAMILY = "1,2";
				TEST_TARGET_NAME = StoryBoardIntro;
			};
			name = Debug;
		};
		3D0F769726B19DA500B3232C /* Release */ = {
			isa = XCBuildConfiguration;
			buildSettings = {
				ALWAYS_EMBED_SWIFT_STANDARD_LIBRARIES = YES;
				CODE_SIGN_STYLE = Automatic;
				INFOPLIST_FILE = StoryBoardIntroUITests/Info.plist;
				LD_RUNPATH_SEARCH_PATHS = (
					"$(inherited)",
					"@executable_path/Frameworks",
					"@loader_path/Frameworks",
				);
				PRODUCT_BUNDLE_IDENTIFIER = KWK.StoryBoardIntroUITests;
				PRODUCT_NAME = "$(TARGET_NAME)";
				SWIFT_VERSION = 5.0;
				TARGETED_DEVICE_FAMILY = "1,2";
				TEST_TARGET_NAME = StoryBoardIntro;
			};
			name = Release;
		};
/* End XCBuildConfiguration section */

/* Begin XCConfigurationList section */
		3D0F765D26B19DA300B3232C /* Build configuration list for PBXProject "StoryBoardIntro" */ = {
			isa = XCConfigurationList;
			buildConfigurations = (
				3D0F768D26B19DA500B3232C /* Debug */,
				3D0F768E26B19DA500B3232C /* Release */,
			);
			defaultConfigurationIsVisible = 0;
			defaultConfigurationName = Release;
		};
		3D0F768F26B19DA500B3232C /* Build configuration list for PBXNativeTarget "StoryBoardIntro" */ = {
			isa = XCConfigurationList;
			buildConfigurations = (
				3D0F769026B19DA500B3232C /* Debug */,
				3D0F769126B19DA500B3232C /* Release */,
			);
			defaultConfigurationIsVisible = 0;
			defaultConfigurationName = Release;
		};
		3D0F769226B19DA500B3232C /* Build configuration list for PBXNativeTarget "StoryBoardIntroTests" */ = {
			isa = XCConfigurationList;
			buildConfigurations = (
				3D0F769326B19DA500B3232C /* Debug */,
				3D0F769426B19DA500B3232C /* Release */,
			);
			defaultConfigurationIsVisible = 0;
			defaultConfigurationName = Release;
		};
		3D0F769526B19DA500B3232C /* Build configuration list for PBXNativeTarget "StoryBoardIntroUITests" */ = {
			isa = XCConfigurationList;
			buildConfigurations = (
				3D0F769626B19DA500B3232C /* Debug */,
				3D0F769726B19DA500B3232C /* Release */,
			);
			defaultConfigurationIsVisible = 0;
			defaultConfigurationName = Release;
		};
/* End XCConfigurationList section */

/* Begin XCVersionGroup section */
		3D0F766E26B19DA300B3232C /* StoryBoardIntro.xcdatamodeld */ = {
			isa = XCVersionGroup;
			children = (
				3D0F766F26B19DA300B3232C /* StoryBoardIntro.xcdatamodel */,
			);
			currentVersion = 3D0F766F26B19DA300B3232C /* StoryBoardIntro.xcdatamodel */;
			path = StoryBoardIntro.xcdatamodeld;
			sourceTree = "<group>";
			versionGroupType = wrapper.xcdatamodel;
		};
/* End XCVersionGroup section */
	};
	rootObject = 3D0F765A26B19DA300B3232C /* Project object */;
}
