// !$*UTF8*$!
{
	archiveVersion = 1;
	classes = {
	};
	objectVersion = 50;
	objects = {

/* Begin PBXBuildFile section */
		3D3F502726B3238E00E80687 /* AppDelegate.swift in Sources */ = {isa = PBXBuildFile; fileRef = 3D3F502626B3238E00E80687 /* AppDelegate.swift */; };
		3D3F502926B3238E00E80687 /* SceneDelegate.swift in Sources */ = {isa = PBXBuildFile; fileRef = 3D3F502826B3238E00E80687 /* SceneDelegate.swift */; };
		3D3F502B26B3238E00E80687 /* ViewController.swift in Sources */ = {isa = PBXBuildFile; fileRef = 3D3F502A26B3238E00E80687 /* ViewController.swift */; };
		3D3F502E26B3238E00E80687 /* Main.storyboard in Resources */ = {isa = PBXBuildFile; fileRef = 3D3F502C26B3238E00E80687 /* Main.storyboard */; };
		3D3F503126B3238E00E80687 /* MiniProject2.xcdatamodeld in Sources */ = {isa = PBXBuildFile; fileRef = 3D3F502F26B3238E00E80687 /* MiniProject2.xcdatamodeld */; };
		3D3F503326B3239100E80687 /* Assets.xcassets in Resources */ = {isa = PBXBuildFile; fileRef = 3D3F503226B3239100E80687 /* Assets.xcassets */; };
		3D3F503626B3239100E80687 /* LaunchScreen.storyboard in Resources */ = {isa = PBXBuildFile; fileRef = 3D3F503426B3239100E80687 /* LaunchScreen.storyboard */; };
		3D3F504126B3239100E80687 /* MiniProject2Tests.swift in Sources */ = {isa = PBXBuildFile; fileRef = 3D3F504026B3239100E80687 /* MiniProject2Tests.swift */; };
		3D3F504C26B3239100E80687 /* MiniProject2UITests.swift in Sources */ = {isa = PBXBuildFile; fileRef = 3D3F504B26B3239100E80687 /* MiniProject2UITests.swift */; };
		3D3F505A26B3249600E80687 /* ViewController2.swift in Sources */ = {isa = PBXBuildFile; fileRef = 3D3F505926B3249600E80687 /* ViewController2.swift */; };
		3D3F505C26B324B100E80687 /* ViewController3.swift in Sources */ = {isa = PBXBuildFile; fileRef = 3D3F505B26B324B100E80687 /* ViewController3.swift */; };
		3D3F505E26B324C200E80687 /* ViewController4.swift in Sources */ = {isa = PBXBuildFile; fileRef = 3D3F505D26B324C200E80687 /* ViewController4.swift */; };
		3DAC49E526B4321200B582B1 /* MiniProject2Revised.swift in Sources */ = {isa = PBXBuildFile; fileRef = 3DAC49E426B4321200B582B1 /* MiniProject2Revised.swift */; };
/* End PBXBuildFile section */

/* Begin PBXContainerItemProxy section */
		3D3F503D26B3239100E80687 /* PBXContainerItemProxy */ = {
			isa = PBXContainerItemProxy;
			containerPortal = 3D3F501B26B3238E00E80687 /* Project object */;
			proxyType = 1;
			remoteGlobalIDString = 3D3F502226B3238E00E80687;
			remoteInfo = MiniProject2;
		};
		3D3F504826B3239100E80687 /* PBXContainerItemProxy */ = {
			isa = PBXContainerItemProxy;
			containerPortal = 3D3F501B26B3238E00E80687 /* Project object */;
			proxyType = 1;
			remoteGlobalIDString = 3D3F502226B3238E00E80687;
			remoteInfo = MiniProject2;
		};
/* End PBXContainerItemProxy section */

/* Begin PBXFileReference section */
		3D3F502326B3238E00E80687 /* MiniProject2.app */ = {isa = PBXFileReference; explicitFileType = wrapper.application; includeInIndex = 0; path = MiniProject2.app; sourceTree = BUILT_PRODUCTS_DIR; };
		3D3F502626B3238E00E80687 /* AppDelegate.swift */ = {isa = PBXFileReference; lastKnownFileType = sourcecode.swift; path = AppDelegate.swift; sourceTree = "<group>"; };
		3D3F502826B3238E00E80687 /* SceneDelegate.swift */ = {isa = PBXFileReference; lastKnownFileType = sourcecode.swift; path = SceneDelegate.swift; sourceTree = "<group>"; };
		3D3F502A26B3238E00E80687 /* ViewController.swift */ = {isa = PBXFileReference; lastKnownFileType = sourcecode.swift; path = ViewController.swift; sourceTree = "<group>"; };
		3D3F502D26B3238E00E80687 /* Base */ = {isa = PBXFileReference; lastKnownFileType = file.storyboard; name = Base; path = Base.lproj/Main.storyboard; sourceTree = "<group>"; };
		3D3F503026B3238E00E80687 /* MiniProject2.xcdatamodel */ = {isa = PBXFileReference; lastKnownFileType = wrapper.xcdatamodel; path = MiniProject2.xcdatamodel; sourceTree = "<group>"; };
		3D3F503226B3239100E80687 /* Assets.xcassets */ = {isa = PBXFileReference; lastKnownFileType = folder.assetcatalog; path = Assets.xcassets; sourceTree = "<group>"; };
		3D3F503526B3239100E80687 /* Base */ = {isa = PBXFileReference; lastKnownFileType = file.storyboard; name = Base; path = Base.lproj/LaunchScreen.storyboard; sourceTree = "<group>"; };
		3D3F503726B3239100E80687 /* Info.plist */ = {isa = PBXFileReference; lastKnownFileType = text.plist.xml; path = Info.plist; sourceTree = "<group>"; };
		3D3F503C26B3239100E80687 /* MiniProject2Tests.xctest */ = {isa = PBXFileReference; explicitFileType = wrapper.cfbundle; includeInIndex = 0; path = MiniProject2Tests.xctest; sourceTree = BUILT_PRODUCTS_DIR; };
		3D3F504026B3239100E80687 /* MiniProject2Tests.swift */ = {isa = PBXFileReference; lastKnownFileType = sourcecode.swift; path = MiniProject2Tests.swift; sourceTree = "<group>"; };
		3D3F504226B3239100E80687 /* Info.plist */ = {isa = PBXFileReference; lastKnownFileType = text.plist.xml; path = Info.plist; sourceTree = "<group>"; };
		3D3F504726B3239100E80687 /* MiniProject2UITests.xctest */ = {isa = PBXFileReference; explicitFileType = wrapper.cfbundle; includeInIndex = 0; path = MiniProject2UITests.xctest; sourceTree = BUILT_PRODUCTS_DIR; };
		3D3F504B26B3239100E80687 /* MiniProject2UITests.swift */ = {isa = PBXFileReference; lastKnownFileType = sourcecode.swift; path = MiniProject2UITests.swift; sourceTree = "<group>"; };
		3D3F504D26B3239100E80687 /* Info.plist */ = {isa = PBXFileReference; lastKnownFileType = text.plist.xml; path = Info.plist; sourceTree = "<group>"; };
		3D3F505926B3249600E80687 /* ViewController2.swift */ = {isa = PBXFileReference; lastKnownFileType = sourcecode.swift; path = ViewController2.swift; sourceTree = "<group>"; };
		3D3F505B26B324B100E80687 /* ViewController3.swift */ = {isa = PBXFileReference; lastKnownFileType = sourcecode.swift; path = ViewController3.swift; sourceTree = "<group>"; };
		3D3F505D26B324C200E80687 /* ViewController4.swift */ = {isa = PBXFileReference; lastKnownFileType = sourcecode.swift; path = ViewController4.swift; sourceTree = "<group>"; };
		3DAC49E426B4321200B582B1 /* MiniProject2Revised.swift */ = {isa = PBXFileReference; lastKnownFileType = sourcecode.swift; name = MiniProject2Revised.swift; path = MiniProject2Revised/MiniProject2Revised.swift; sourceTree = "<group>"; };
/* End PBXFileReference section */

/* Begin PBXFrameworksBuildPhase section */
		3D3F502026B3238E00E80687 /* Frameworks */ = {
			isa = PBXFrameworksBuildPhase;
			buildActionMask = 2147483647;
			files = (
			);
			runOnlyForDeploymentPostprocessing = 0;
		};
		3D3F503926B3239100E80687 /* Frameworks */ = {
			isa = PBXFrameworksBuildPhase;
			buildActionMask = 2147483647;
			files = (
			);
			runOnlyForDeploymentPostprocessing = 0;
		};
		3D3F504426B3239100E80687 /* Frameworks */ = {
			isa = PBXFrameworksBuildPhase;
			buildActionMask = 2147483647;
			files = (
			);
			runOnlyForDeploymentPostprocessing = 0;
		};
/* End PBXFrameworksBuildPhase section */

/* Begin PBXGroup section */
		3D3F501A26B3238E00E80687 = {
			isa = PBXGroup;
			children = (
				3DAC49E426B4321200B582B1 /* MiniProject2Revised.swift */,
				3D3F502526B3238E00E80687 /* MiniProject2 */,
				3D3F503F26B3239100E80687 /* MiniProject2Tests */,
				3D3F504A26B3239100E80687 /* MiniProject2UITests */,
				3D3F502426B3238E00E80687 /* Products */,
			);
			sourceTree = "<group>";
		};
		3D3F502426B3238E00E80687 /* Products */ = {
			isa = PBXGroup;
			children = (
				3D3F502326B3238E00E80687 /* MiniProject2.app */,
				3D3F503C26B3239100E80687 /* MiniProject2Tests.xctest */,
				3D3F504726B3239100E80687 /* MiniProject2UITests.xctest */,
			);
			name = Products;
			sourceTree = "<group>";
		};
		3D3F502526B3238E00E80687 /* MiniProject2 */ = {
			isa = PBXGroup;
			children = (
				3D3F502626B3238E00E80687 /* AppDelegate.swift */,
				3D3F502826B3238E00E80687 /* SceneDelegate.swift */,
				3D3F502A26B3238E00E80687 /* ViewController.swift */,
				3D3F505926B3249600E80687 /* ViewController2.swift */,
				3D3F505B26B324B100E80687 /* ViewController3.swift */,
				3D3F505D26B324C200E80687 /* ViewController4.swift */,
				3D3F502C26B3238E00E80687 /* Main.storyboard */,
				3D3F503226B3239100E80687 /* Assets.xcassets */,
				3D3F503426B3239100E80687 /* LaunchScreen.storyboard */,
				3D3F503726B3239100E80687 /* Info.plist */,
				3D3F502F26B3238E00E80687 /* MiniProject2.xcdatamodeld */,
			);
			path = MiniProject2;
			sourceTree = "<group>";
		};
		3D3F503F26B3239100E80687 /* MiniProject2Tests */ = {
			isa = PBXGroup;
			children = (
				3D3F504026B3239100E80687 /* MiniProject2Tests.swift */,
				3D3F504226B3239100E80687 /* Info.plist */,
			);
			path = MiniProject2Tests;
			sourceTree = "<group>";
		};
		3D3F504A26B3239100E80687 /* MiniProject2UITests */ = {
			isa = PBXGroup;
			children = (
				3D3F504B26B3239100E80687 /* MiniProject2UITests.swift */,
				3D3F504D26B3239100E80687 /* Info.plist */,
			);
			path = MiniProject2UITests;
			sourceTree = "<group>";
		};
/* End PBXGroup section */

/* Begin PBXNativeTarget section */
		3D3F502226B3238E00E80687 /* MiniProject2 */ = {
			isa = PBXNativeTarget;
			buildConfigurationList = 3D3F505026B3239100E80687 /* Build configuration list for PBXNativeTarget "MiniProject2" */;
			buildPhases = (
				3D3F501F26B3238E00E80687 /* Sources */,
				3D3F502026B3238E00E80687 /* Frameworks */,
				3D3F502126B3238E00E80687 /* Resources */,
			);
			buildRules = (
			);
			dependencies = (
			);
			name = MiniProject2;
			productName = MiniProject2;
			productReference = 3D3F502326B3238E00E80687 /* MiniProject2.app */;
			productType = "com.apple.product-type.application";
		};
		3D3F503B26B3239100E80687 /* MiniProject2Tests */ = {
			isa = PBXNativeTarget;
			buildConfigurationList = 3D3F505326B3239100E80687 /* Build configuration list for PBXNativeTarget "MiniProject2Tests" */;
			buildPhases = (
				3D3F503826B3239100E80687 /* Sources */,
				3D3F503926B3239100E80687 /* Frameworks */,
				3D3F503A26B3239100E80687 /* Resources */,
			);
			buildRules = (
			);
			dependencies = (
				3D3F503E26B3239100E80687 /* PBXTargetDependency */,
			);
			name = MiniProject2Tests;
			productName = MiniProject2Tests;
			productReference = 3D3F503C26B3239100E80687 /* MiniProject2Tests.xctest */;
			productType = "com.apple.product-type.bundle.unit-test";
		};
		3D3F504626B3239100E80687 /* MiniProject2UITests */ = {
			isa = PBXNativeTarget;
			buildConfigurationList = 3D3F505626B3239100E80687 /* Build configuration list for PBXNativeTarget "MiniProject2UITests" */;
			buildPhases = (
				3D3F504326B3239100E80687 /* Sources */,
				3D3F504426B3239100E80687 /* Frameworks */,
				3D3F504526B3239100E80687 /* Resources */,
			);
			buildRules = (
			);
			dependencies = (
				3D3F504926B3239100E80687 /* PBXTargetDependency */,
			);
			name = MiniProject2UITests;
			productName = MiniProject2UITests;
			productReference = 3D3F504726B3239100E80687 /* MiniProject2UITests.xctest */;
			productType = "com.apple.product-type.bundle.ui-testing";
		};
/* End PBXNativeTarget section */

/* Begin PBXProject section */
		3D3F501B26B3238E00E80687 /* Project object */ = {
			isa = PBXProject;
			attributes = {
				LastSwiftUpdateCheck = 1250;
				LastUpgradeCheck = 1250;
				TargetAttributes = {
					3D3F502226B3238E00E80687 = {
						CreatedOnToolsVersion = 12.5.1;
					};
					3D3F503B26B3239100E80687 = {
						CreatedOnToolsVersion = 12.5.1;
						TestTargetID = 3D3F502226B3238E00E80687;
					};
					3D3F504626B3239100E80687 = {
						CreatedOnToolsVersion = 12.5.1;
						TestTargetID = 3D3F502226B3238E00E80687;
					};
				};
			};
			buildConfigurationList = 3D3F501E26B3238E00E80687 /* Build configuration list for PBXProject "MiniProject2" */;
			compatibilityVersion = "Xcode 9.3";
			developmentRegion = en;
			hasScannedForEncodings = 0;
			knownRegions = (
				en,
				Base,
			);
			mainGroup = 3D3F501A26B3238E00E80687;
			productRefGroup = 3D3F502426B3238E00E80687 /* Products */;
			projectDirPath = "";
			projectRoot = "";
			targets = (
				3D3F502226B3238E00E80687 /* MiniProject2 */,
				3D3F503B26B3239100E80687 /* MiniProject2Tests */,
				3D3F504626B3239100E80687 /* MiniProject2UITests */,
			);
		};
/* End PBXProject section */

/* Begin PBXResourcesBuildPhase section */
		3D3F502126B3238E00E80687 /* Resources */ = {
			isa = PBXResourcesBuildPhase;
			buildActionMask = 2147483647;
			files = (
				3D3F503626B3239100E80687 /* LaunchScreen.storyboard in Resources */,
				3D3F503326B3239100E80687 /* Assets.xcassets in Resources */,
				3D3F502E26B3238E00E80687 /* Main.storyboard in Resources */,
			);
			runOnlyForDeploymentPostprocessing = 0;
		};
		3D3F503A26B3239100E80687 /* Resources */ = {
			isa = PBXResourcesBuildPhase;
			buildActionMask = 2147483647;
			files = (
			);
			runOnlyForDeploymentPostprocessing = 0;
		};
		3D3F504526B3239100E80687 /* Resources */ = {
			isa = PBXResourcesBuildPhase;
			buildActionMask = 2147483647;
			files = (
			);
			runOnlyForDeploymentPostprocessing = 0;
		};
/* End PBXResourcesBuildPhase section */

/* Begin PBXSourcesBuildPhase section */
		3D3F501F26B3238E00E80687 /* Sources */ = {
			isa = PBXSourcesBuildPhase;
			buildActionMask = 2147483647;
			files = (
				3D3F505A26B3249600E80687 /* ViewController2.swift in Sources */,
				3D3F505E26B324C200E80687 /* ViewController4.swift in Sources */,
				3D3F502B26B3238E00E80687 /* ViewController.swift in Sources */,
				3D3F505C26B324B100E80687 /* ViewController3.swift in Sources */,
				3DAC49E526B4321200B582B1 /* MiniProject2Revised.swift in Sources */,
				3D3F502726B3238E00E80687 /* AppDelegate.swift in Sources */,
				3D3F502926B3238E00E80687 /* SceneDelegate.swift in Sources */,
				3D3F503126B3238E00E80687 /* MiniProject2.xcdatamodeld in Sources */,
			);
			runOnlyForDeploymentPostprocessing = 0;
		};
		3D3F503826B3239100E80687 /* Sources */ = {
			isa = PBXSourcesBuildPhase;
			buildActionMask = 2147483647;
			files = (
				3D3F504126B3239100E80687 /* MiniProject2Tests.swift in Sources */,
			);
			runOnlyForDeploymentPostprocessing = 0;
		};
		3D3F504326B3239100E80687 /* Sources */ = {
			isa = PBXSourcesBuildPhase;
			buildActionMask = 2147483647;
			files = (
				3D3F504C26B3239100E80687 /* MiniProject2UITests.swift in Sources */,
			);
			runOnlyForDeploymentPostprocessing = 0;
		};
/* End PBXSourcesBuildPhase section */

/* Begin PBXTargetDependency section */
		3D3F503E26B3239100E80687 /* PBXTargetDependency */ = {
			isa = PBXTargetDependency;
			target = 3D3F502226B3238E00E80687 /* MiniProject2 */;
			targetProxy = 3D3F503D26B3239100E80687 /* PBXContainerItemProxy */;
		};
		3D3F504926B3239100E80687 /* PBXTargetDependency */ = {
			isa = PBXTargetDependency;
			target = 3D3F502226B3238E00E80687 /* MiniProject2 */;
			targetProxy = 3D3F504826B3239100E80687 /* PBXContainerItemProxy */;
		};
/* End PBXTargetDependency section */

/* Begin PBXVariantGroup section */
		3D3F502C26B3238E00E80687 /* Main.storyboard */ = {
			isa = PBXVariantGroup;
			children = (
				3D3F502D26B3238E00E80687 /* Base */,
			);
			name = Main.storyboard;
			sourceTree = "<group>";
		};
		3D3F503426B3239100E80687 /* LaunchScreen.storyboard */ = {
			isa = PBXVariantGroup;
			children = (
				3D3F503526B3239100E80687 /* Base */,
			);
			name = LaunchScreen.storyboard;
			sourceTree = "<group>";
		};
/* End PBXVariantGroup section */

/* Begin XCBuildConfiguration section */
		3D3F504E26B3239100E80687 /* Debug */ = {
			isa = XCBuildConfiguration;
			buildSettings = {
				ALWAYS_SEARCH_USER_PATHS = NO;
				CLANG_ANALYZER_NONNULL = YES;
				CLANG_ANALYZER_NUMBER_OBJECT_CONVERSION = YES_AGGRESSIVE;
				CLANG_CXX_LANGUAGE_STANDARD = "gnu++14";
				CLANG_CXX_LIBRARY = "libc++";
				CLANG_ENABLE_MODULES = YES;
				CLANG_ENABLE_OBJC_ARC = YES;
				CLANG_ENABLE_OBJC_WEAK = YES;
				CLANG_WARN_BLOCK_CAPTURE_AUTORELEASING = YES;
				CLANG_WARN_BOOL_CONVERSION = YES;
				CLANG_WARN_COMMA = YES;
				CLANG_WARN_CONSTANT_CONVERSION = YES;
				CLANG_WARN_DEPRECATED_OBJC_IMPLEMENTATIONS = YES;
				CLANG_WARN_DIRECT_OBJC_ISA_USAGE = YES_ERROR;
				CLANG_WARN_DOCUMENTATION_COMMENTS = YES;
				CLANG_WARN_EMPTY_BODY = YES;
				CLANG_WARN_ENUM_CONVERSION = YES;
				CLANG_WARN_INFINITE_RECURSION = YES;
				CLANG_WARN_INT_CONVERSION = YES;
				CLANG_WARN_NON_LITERAL_NULL_CONVERSION = YES;
				CLANG_WARN_OBJC_IMPLICIT_RETAIN_SELF = YES;
				CLANG_WARN_OBJC_LITERAL_CONVERSION = YES;
				CLANG_WARN_OBJC_ROOT_CLASS = YES_ERROR;
				CLANG_WARN_QUOTED_INCLUDE_IN_FRAMEWORK_HEADER = YES;
				CLANG_WARN_RANGE_LOOP_ANALYSIS = YES;
				CLANG_WARN_STRICT_PROTOTYPES = YES;
				CLANG_WARN_SUSPICIOUS_MOVE = YES;
				CLANG_WARN_UNGUARDED_AVAILABILITY = YES_AGGRESSIVE;
				CLANG_WARN_UNREACHABLE_CODE = YES;
				CLANG_WARN__DUPLICATE_METHOD_MATCH = YES;
				COPY_PHASE_STRIP = NO;
				DEBUG_INFORMATION_FORMAT = dwarf;
				ENABLE_STRICT_OBJC_MSGSEND = YES;
				ENABLE_TESTABILITY = YES;
				GCC_C_LANGUAGE_STANDARD = gnu11;
				GCC_DYNAMIC_NO_PIC = NO;
				GCC_NO_COMMON_BLOCKS = YES;
				GCC_OPTIMIZATION_LEVEL = 0;
				GCC_PREPROCESSOR_DEFINITIONS = (
					"DEBUG=1",
					"$(inherited)",
				);
				GCC_WARN_64_TO_32_BIT_CONVERSION = YES;
				GCC_WARN_ABOUT_RETURN_TYPE = YES_ERROR;
				GCC_WARN_UNDECLARED_SELECTOR = YES;
				GCC_WARN_UNINITIALIZED_AUTOS = YES_AGGRESSIVE;
				GCC_WARN_UNUSED_FUNCTION = YES;
				GCC_WARN_UNUSED_VARIABLE = YES;
				IPHONEOS_DEPLOYMENT_TARGET = 14.5;
				MTL_ENABLE_DEBUG_INFO = INCLUDE_SOURCE;
				MTL_FAST_MATH = YES;
				ONLY_ACTIVE_ARCH = YES;
				SDKROOT = iphoneos;
				SWIFT_ACTIVE_COMPILATION_CONDITIONS = DEBUG;
				SWIFT_OPTIMIZATION_LEVEL = "-Onone";
			};
			name = Debug;
		};
		3D3F504F26B3239100E80687 /* Release */ = {
			isa = XCBuildConfiguration;
			buildSettings = {
				ALWAYS_SEARCH_USER_PATHS = NO;
				CLANG_ANALYZER_NONNULL = YES;
				CLANG_ANALYZER_NUMBER_OBJECT_CONVERSION = YES_AGGRESSIVE;
				CLANG_CXX_LANGUAGE_STANDARD = "gnu++14";
				CLANG_CXX_LIBRARY = "libc++";
				CLANG_ENABLE_MODULES = YES;
				CLANG_ENABLE_OBJC_ARC = YES;
				CLANG_ENABLE_OBJC_WEAK = YES;
				CLANG_WARN_BLOCK_CAPTURE_AUTORELEASING = YES;
				CLANG_WARN_BOOL_CONVERSION = YES;
				CLANG_WARN_COMMA = YES;
				CLANG_WARN_CONSTANT_CONVERSION = YES;
				CLANG_WARN_DEPRECATED_OBJC_IMPLEMENTATIONS = YES;
				CLANG_WARN_DIRECT_OBJC_ISA_USAGE = YES_ERROR;
				CLANG_WARN_DOCUMENTATION_COMMENTS = YES;
				CLANG_WARN_EMPTY_BODY = YES;
				CLANG_WARN_ENUM_CONVERSION = YES;
				CLANG_WARN_INFINITE_RECURSION = YES;
				CLANG_WARN_INT_CONVERSION = YES;
				CLANG_WARN_NON_LITERAL_NULL_CONVERSION = YES;
				CLANG_WARN_OBJC_IMPLICIT_RETAIN_SELF = YES;
				CLANG_WARN_OBJC_LITERAL_CONVERSION = YES;
				CLANG_WARN_OBJC_ROOT_CLASS = YES_ERROR;
				CLANG_WARN_QUOTED_INCLUDE_IN_FRAMEWORK_HEADER = YES;
				CLANG_WARN_RANGE_LOOP_ANALYSIS = YES;
				CLANG_WARN_STRICT_PROTOTYPES = YES;
				CLANG_WARN_SUSPICIOUS_MOVE = YES;
				CLANG_WARN_UNGUARDED_AVAILABILITY = YES_AGGRESSIVE;
				CLANG_WARN_UNREACHABLE_CODE = YES;
				CLANG_WARN__DUPLICATE_METHOD_MATCH = YES;
				COPY_PHASE_STRIP = NO;
				DEBUG_INFORMATION_FORMAT = "dwarf-with-dsym";
				ENABLE_NS_ASSERTIONS = NO;
				ENABLE_STRICT_OBJC_MSGSEND = YES;
				GCC_C_LANGUAGE_STANDARD = gnu11;
				GCC_NO_COMMON_BLOCKS = YES;
				GCC_WARN_64_TO_32_BIT_CONVERSION = YES;
				GCC_WARN_ABOUT_RETURN_TYPE = YES_ERROR;
				GCC_WARN_UNDECLARED_SELECTOR = YES;
				GCC_WARN_UNINITIALIZED_AUTOS = YES_AGGRESSIVE;
				GCC_WARN_UNUSED_FUNCTION = YES;
				GCC_WARN_UNUSED_VARIABLE = YES;
				IPHONEOS_DEPLOYMENT_TARGET = 14.5;
				MTL_ENABLE_DEBUG_INFO = NO;
				MTL_FAST_MATH = YES;
				SDKROOT = iphoneos;
				SWIFT_COMPILATION_MODE = wholemodule;
				SWIFT_OPTIMIZATION_LEVEL = "-O";
				VALIDATE_PRODUCT = YES;
			};
			name = Release;
		};
		3D3F505126B3239100E80687 /* Debug */ = {
			isa = XCBuildConfiguration;
			buildSettings = {
				ASSETCATALOG_COMPILER_APPICON_NAME = AppIcon;
				ASSETCATALOG_COMPILER_GLOBAL_ACCENT_COLOR_NAME = AccentColor;
				CODE_SIGN_STYLE = Automatic;
				INFOPLIST_FILE = MiniProject2/Info.plist;
				LD_RUNPATH_SEARCH_PATHS = (
					"$(inherited)",
					"@executable_path/Frameworks",
				);
				PRODUCT_BUNDLE_IDENTIFIER = KWK.MiniProject2;
				PRODUCT_NAME = "$(TARGET_NAME)";
				SWIFT_VERSION = 5.0;
				TARGETED_DEVICE_FAMILY = "1,2";
			};
			name = Debug;
		};
		3D3F505226B3239100E80687 /* Release */ = {
			isa = XCBuildConfiguration;
			buildSettings = {
				ASSETCATALOG_COMPILER_APPICON_NAME = AppIcon;
				ASSETCATALOG_COMPILER_GLOBAL_ACCENT_COLOR_NAME = AccentColor;
				CODE_SIGN_STYLE = Automatic;
				INFOPLIST_FILE = MiniProject2/Info.plist;
				LD_RUNPATH_SEARCH_PATHS = (
					"$(inherited)",
					"@executable_path/Frameworks",
				);
				PRODUCT_BUNDLE_IDENTIFIER = KWK.MiniProject2;
				PRODUCT_NAME = "$(TARGET_NAME)";
				SWIFT_VERSION = 5.0;
				TARGETED_DEVICE_FAMILY = "1,2";
			};
			name = Release;
		};
		3D3F505426B3239100E80687 /* Debug */ = {
			isa = XCBuildConfiguration;
			buildSettings = {
				ALWAYS_EMBED_SWIFT_STANDARD_LIBRARIES = YES;
				BUNDLE_LOADER = "$(TEST_HOST)";
				CODE_SIGN_STYLE = Automatic;
				INFOPLIST_FILE = MiniProject2Tests/Info.plist;
				IPHONEOS_DEPLOYMENT_TARGET = 14.5;
				LD_RUNPATH_SEARCH_PATHS = (
					"$(inherited)",
					"@executable_path/Frameworks",
					"@loader_path/Frameworks",
				);
				PRODUCT_BUNDLE_IDENTIFIER = KWK.MiniProject2Tests;
				PRODUCT_NAME = "$(TARGET_NAME)";
				SWIFT_VERSION = 5.0;
				TARGETED_DEVICE_FAMILY = "1,2";
				TEST_HOST = "$(BUILT_PRODUCTS_DIR)/MiniProject2.app/MiniProject2";
			};
			name = Debug;
		};
		3D3F505526B3239100E80687 /* Release */ = {
			isa = XCBuildConfiguration;
			buildSettings = {
				ALWAYS_EMBED_SWIFT_STANDARD_LIBRARIES = YES;
				BUNDLE_LOADER = "$(TEST_HOST)";
				CODE_SIGN_STYLE = Automatic;
				INFOPLIST_FILE = MiniProject2Tests/Info.plist;
				IPHONEOS_DEPLOYMENT_TARGET = 14.5;
				LD_RUNPATH_SEARCH_PATHS = (
					"$(inherited)",
					"@executable_path/Frameworks",
					"@loader_path/Frameworks",
				);
				PRODUCT_BUNDLE_IDENTIFIER = KWK.MiniProject2Tests;
				PRODUCT_NAME = "$(TARGET_NAME)";
				SWIFT_VERSION = 5.0;
				TARGETED_DEVICE_FAMILY = "1,2";
				TEST_HOST = "$(BUILT_PRODUCTS_DIR)/MiniProject2.app/MiniProject2";
			};
			name = Release;
		};
		3D3F505726B3239100E80687 /* Debug */ = {
			isa = XCBuildConfiguration;
			buildSettings = {
				ALWAYS_EMBED_SWIFT_STANDARD_LIBRARIES = YES;
				CODE_SIGN_STYLE = Automatic;
				INFOPLIST_FILE = MiniProject2UITests/Info.plist;
				LD_RUNPATH_SEARCH_PATHS = (
					"$(inherited)",
					"@executable_path/Frameworks",
					"@loader_path/Frameworks",
				);
				PRODUCT_BUNDLE_IDENTIFIER = KWK.MiniProject2UITests;
				PRODUCT_NAME = "$(TARGET_NAME)";
				SWIFT_VERSION = 5.0;
				TARGETED_DEVICE_FAMILY = "1,2";
				TEST_TARGET_NAME = MiniProject2;
			};
			name = Debug;
		};
		3D3F505826B3239100E80687 /* Release */ = {
			isa = XCBuildConfiguration;
			buildSettings = {
				ALWAYS_EMBED_SWIFT_STANDARD_LIBRARIES = YES;
				CODE_SIGN_STYLE = Automatic;
				INFOPLIST_FILE = MiniProject2UITests/Info.plist;
				LD_RUNPATH_SEARCH_PATHS = (
					"$(inherited)",
					"@executable_path/Frameworks",
					"@loader_path/Frameworks",
				);
				PRODUCT_BUNDLE_IDENTIFIER = KWK.MiniProject2UITests;
				PRODUCT_NAME = "$(TARGET_NAME)";
				SWIFT_VERSION = 5.0;
				TARGETED_DEVICE_FAMILY = "1,2";
				TEST_TARGET_NAME = MiniProject2;
			};
			name = Release;
		};
/* End XCBuildConfiguration section */

/* Begin XCConfigurationList section */
		3D3F501E26B3238E00E80687 /* Build configuration list for PBXProject "MiniProject2" */ = {
			isa = XCConfigurationList;
			buildConfigurations = (
				3D3F504E26B3239100E80687 /* Debug */,
				3D3F504F26B3239100E80687 /* Release */,
			);
			defaultConfigurationIsVisible = 0;
			defaultConfigurationName = Release;
		};
		3D3F505026B3239100E80687 /* Build configuration list for PBXNativeTarget "MiniProject2" */ = {
			isa = XCConfigurationList;
			buildConfigurations = (
				3D3F505126B3239100E80687 /* Debug */,
				3D3F505226B3239100E80687 /* Release */,
			);
			defaultConfigurationIsVisible = 0;
			defaultConfigurationName = Release;
		};
		3D3F505326B3239100E80687 /* Build configuration list for PBXNativeTarget "MiniProject2Tests" */ = {
			isa = XCConfigurationList;
			buildConfigurations = (
				3D3F505426B3239100E80687 /* Debug */,
				3D3F505526B3239100E80687 /* Release */,
			);
			defaultConfigurationIsVisible = 0;
			defaultConfigurationName = Release;
		};
		3D3F505626B3239100E80687 /* Build configuration list for PBXNativeTarget "MiniProject2UITests" */ = {
			isa = XCConfigurationList;
			buildConfigurations = (
				3D3F505726B3239100E80687 /* Debug */,
				3D3F505826B3239100E80687 /* Release */,
			);
			defaultConfigurationIsVisible = 0;
			defaultConfigurationName = Release;
		};
/* End XCConfigurationList section */

/* Begin XCVersionGroup section */
		3D3F502F26B3238E00E80687 /* MiniProject2.xcdatamodeld */ = {
			isa = XCVersionGroup;
			children = (
				3D3F503026B3238E00E80687 /* MiniProject2.xcdatamodel */,
			);
			currentVersion = 3D3F503026B3238E00E80687 /* MiniProject2.xcdatamodel */;
			path = MiniProject2.xcdatamodeld;
			sourceTree = "<group>";
			versionGroupType = wrapper.xcdatamodel;
		};
/* End XCVersionGroup section */
	};
	rootObject = 3D3F501B26B3238E00E80687 /* Project object */;
}
